
Microsoft Visual Studio Solution File, Format Version 12.00
# Visual Studio Version 17
VisualStudioVersion = 17.1.32319.34
MinimumVisualStudioVersion = 10.0.40219.1
Project("{9A19103F-16F7-4668-BE54-9A1E7A4F7556}") = "WebsiteLayout", "WebsiteLayout\WebsiteLayout.csproj", "{992749BA-B2F6-4B1C-874B-0C9C0ED2C57A}"
EndProject
Global
	GlobalSection(SolutionConfigurationPlatforms) = preSolution
		Debug|Any CPU = Debug|Any CPU
		Release|Any CPU = Release|Any CPU
	EndGlobalSection
	GlobalSection(ProjectConfigurationPlatforms) = postSolution
		{992749BA-B2F6-4B1C-874B-0C9C0ED2C57A}.Debug|Any CPU.ActiveCfg = Debug|Any CPU
		{992749BA-B2F6-4B1C-874B-0C9C0ED2C57A}.Debug|Any CPU.Build.0 = Debug|Any CPU
		{992749BA-B2F6-4B1C-874B-0C9C0ED2C57A}.Release|Any CPU.ActiveCfg = Release|Any CPU
		{992749BA-B2F6-4B1C-874B-0C9C0ED2C57A}.Release|Any CPU.Build.0 = Release|Any CPU
	EndGlobalSection
	GlobalSection(SolutionProperties) = preSolution
		HideSolutionNode = FALSE
	EndGlobalSection
	GlobalSection(ExtensibilityGlobals) = postSolution
		SolutionGuid = {8B5BFCCF-C526-4DA0-BEF8-8542A1F033F2}
	EndGlobalSection
EndGlobal
